Microsoft Visual Studio Solution File, Format Version 12.00
# Visual Studio 2012
Project("{FAE04EC0-301F-11D3-BF4B-00C04F79EFBC}") = "Plaformer Parkour Videogame", "Plaformer Parkour Videogame.csproj", "{8B5C09FC-B3B3-4C9A-9AA4-1647AAF1C525}"
EndProject
Global
	GlobalSection(SolutionConfigurationPlatforms) = preSolution
	Debug|Any CPU = Debug|Any CPU
	ExportDebug|Any CPU = ExportDebug|Any CPU
	ExportRelease|Any CPU = ExportRelease|Any CPU
	EndGlobalSection
	GlobalSection(ProjectConfigurationPlatforms) = postSolution
		{8B5C09FC-B3B3-4C9A-9AA4-1647AAF1C525}.Debug|Any CPU.ActiveCfg = Debug|Any CPU
		{8B5C09FC-B3B3-4C9A-9AA4-1647AAF1C525}.Debug|Any CPU.Build.0 = Debug|Any CPU
		{8B5C09FC-B3B3-4C9A-9AA4-1647AAF1C525}.ExportDebug|Any CPU.ActiveCfg = ExportDebug|Any CPU
		{8B5C09FC-B3B3-4C9A-9AA4-1647AAF1C525}.ExportDebug|Any CPU.Build.0 = ExportDebug|Any CPU
		{8B5C09FC-B3B3-4C9A-9AA4-1647AAF1C525}.ExportRelease|Any CPU.ActiveCfg = ExportRelease|Any CPU
		{8B5C09FC-B3B3-4C9A-9AA4-1647AAF1C525}.ExportRelease|Any CPU.Build.0 = ExportRelease|Any CPU
	EndGlobalSection
EndGlobal
